
Microsoft Visual Studio Solution File, Format Version 12.00
# Visual Studio Version 17
VisualStudioVersion = 17.7.34009.444
MinimumVisualStudioVersion = 10.0.40219.1
Project("{9A19103F-16F7-4668-BE54-9A1E7A4F7556}") = "Maui.SmartWindow.ArchProposal", "Maui.SmartWindow.ArchProposal\Maui.SmartWindow.ArchProposal.csproj", "{C72CB98D-39CE-4BE0-9007-50417E1BBDE8}"
EndProject
Project("{FAE04EC0-301F-11D3-BF4B-00C04F79EFBC}") = "Maui.SmartWindow", "Maui.SmartWindow\Maui.SmartWindow.csproj", "{3EDCEAE6-BAA2-4C4D-B555-228E513A37C4}"
EndProject
Project("{FAE04EC0-301F-11D3-BF4B-00C04F79EFBC}") = "Maui.Interop", "Maui.Interop\Maui.Interop.csproj", "{1319E9FC-271F-43AE-BABD-8A3518A31E92}"
EndProject
Global
	GlobalSection(SolutionConfigurationPlatforms) = preSolution
		Debug|Any CPU = Debug|Any CPU
		Release|Any CPU = Release|Any CPU
	EndGlobalSection
	GlobalSection(ProjectConfigurationPlatforms) = postSolution
		{C72CB98D-39CE-4BE0-9007-50417E1BBDE8}.Debug|Any CPU.ActiveCfg = Debug|Any CPU
		{C72CB98D-39CE-4BE0-9007-50417E1BBDE8}.Debug|Any CPU.Build.0 = Debug|Any CPU
		{C72CB98D-39CE-4BE0-9007-50417E1BBDE8}.Debug|Any CPU.Deploy.0 = Debug|Any CPU
		{C72CB98D-39CE-4BE0-9007-50417E1BBDE8}.Release|Any CPU.ActiveCfg = Release|Any CPU
		{C72CB98D-39CE-4BE0-9007-50417E1BBDE8}.Release|Any CPU.Build.0 = Release|Any CPU
		{C72CB98D-39CE-4BE0-9007-50417E1BBDE8}.Release|Any CPU.Deploy.0 = Release|Any CPU
		{3EDCEAE6-BAA2-4C4D-B555-228E513A37C4}.Debug|Any CPU.ActiveCfg = Debug|Any CPU
		{3EDCEAE6-BAA2-4C4D-B555-228E513A37C4}.Debug|Any CPU.Build.0 = Debug|Any CPU
		{3EDCEAE6-BAA2-4C4D-B555-228E513A37C4}.Release|Any CPU.ActiveCfg = Release|Any CPU
		{3EDCEAE6-BAA2-4C4D-B555-228E513A37C4}.Release|Any CPU.Build.0 = Release|Any CPU
		{1319E9FC-271F-43AE-BABD-8A3518A31E92}.Debug|Any CPU.ActiveCfg = Debug|Any CPU
		{1319E9FC-271F-43AE-BABD-8A3518A31E92}.Debug|Any CPU.Build.0 = Debug|Any CPU
		{1319E9FC-271F-43AE-BABD-8A3518A31E92}.Release|Any CPU.ActiveCfg = Release|Any CPU
		{1319E9FC-271F-43AE-BABD-8A3518A31E92}.Release|Any CPU.Build.0 = Release|Any CPU
	EndGlobalSection
	GlobalSection(SolutionProperties) = preSolution
		HideSolutionNode = FALSE
	EndGlobalSection
	GlobalSection(ExtensibilityGlobals) = postSolution
		SolutionGuid = {959AB909-F613-431B-8175-CB6B03EF8DF3}
	EndGlobalSection
EndGlobal
